// !$*UTF8*$!
{
	archiveVersion = 1;
	classes = {
	};
	objectVersion = 46;
	objects = {

/* Begin PBXBuildFile section */
		663F80BF1B74ACF000C99EB4 /* main.m in Sources */ = {isa = PBXBuildFile; fileRef = 663F80BE1B74ACF000C99EB4 /* main.m */; };
		663F80C21B74ACF000C99EB4 /* AppDelegate.m in Sources */ = {isa = PBXBuildFile; fileRef = 663F80C11B74ACF000C99EB4 /* AppDelegate.m */; };
		663F80C51B74ACF000C99EB4 /* ViewController.m in Sources */ = {isa = PBXBuildFile; fileRef = 663F80C41B74ACF000C99EB4 /* ViewController.m */; };
		663F80C81B74ACF000C99EB4 /* Main.storyboard in Resources */ = {isa = PBXBuildFile; fileRef = 663F80C61B74ACF000C99EB4 /* Main.storyboard */; };
		663F80CA1B74ACF100C99EB4 /* Images.xcassets in Resources */ = {isa = PBXBuildFile; fileRef = 663F80C91B74ACF100C99EB4 /* Images.xcassets */; };
		663F80CD1B74ACF100C99EB4 /* LaunchScreen.xib in Resources */ = {isa = PBXBuildFile; fileRef = 663F80CB1B74ACF100C99EB4 /* LaunchScreen.xib */; };
		663F80D91B74ACF100C99EB4 /* Watch2RomoTests.m in Sources */ = {isa = PBXBuildFile; fileRef = 663F80D81B74ACF100C99EB4 /* Watch2RomoTests.m */; };
		663F80E41B74AEF400C99EB4 /* RMCore.framework in Frameworks */ = {isa = PBXBuildFile; fileRef = 663F80E31B74AEF400C99EB4 /* RMCore.framework */; };
		663F80E61B74AF1D00C99EB4 /* ExternalAccessory.framework in Frameworks */ = {isa = PBXBuildFile; fileRef = 663F80E51B74AF1D00C99EB4 /* ExternalAccessory.framework */; };
		663F80F21B74B46C00C99EB4 /* InterfaceController.m in Sources */ = {isa = PBXBuildFile; fileRef = 663F80F11B74B46C00C99EB4 /* InterfaceController.m */; };
		663F80F51B74B46C00C99EB4 /* NotificationController.m in Sources */ = {isa = PBXBuildFile; fileRef = 663F80F41B74B46C00C99EB4 /* NotificationController.m */; };
		663F80F71B74B46C00C99EB4 /* Images.xcassets in Resources */ = {isa = PBXBuildFile; fileRef = 663F80F61B74B46C00C99EB4 /* Images.xcassets */; };
		663F80FB1B74B46C00C99EB4 /* Watch2Romo WatchKit App.app in Resources */ = {isa = PBXBuildFile; fileRef = 663F80FA1B74B46C00C99EB4 /* Watch2Romo WatchKit App.app */; };
		663F81031B74B46C00C99EB4 /* Interface.storyboard in Resources */ = {isa = PBXBuildFile; fileRef = 663F81011B74B46C00C99EB4 /* Interface.storyboard */; };
		663F81051B74B46C00C99EB4 /* Images.xcassets in Resources */ = {isa = PBXBuildFile; fileRef = 663F81041B74B46C00C99EB4 /* Images.xcassets */; };
		663F81081B74B46C00C99EB4 /* Watch2Romo WatchKit Extension.appex in Embed App Extensions */ = {isa = PBXBuildFile; fileRef = 663F80EB1B74B46C00C99EB4 /* Watch2Romo WatchKit Extension.appex */; settings = {ATTRIBUTES = (RemoveHeadersOnCopy, ); }; };
/* End PBXBuildFile section */

/* Begin PBXContainerItemProxy section */
		663F80D31B74ACF100C99EB4 /* PBXContainerItemProxy */ = {
			isa = PBXContainerItemProxy;
			containerPortal = 663F80B11B74ACF000C99EB4 /* Project object */;
			proxyType = 1;
			remoteGlobalIDString = 663F80B81B74ACF000C99EB4;
			remoteInfo = Watch2Romo;
		};
		663F80FC1B74B46C00C99EB4 /* PBXContainerItemProxy */ = {
			isa = PBXContainerItemProxy;
			containerPortal = 663F80B11B74ACF000C99EB4 /* Project object */;
			proxyType = 1;
			remoteGlobalIDString = 663F80F91B74B46C00C99EB4;
			remoteInfo = "Watch2Romo WatchKit App";
		};
		663F81061B74B46C00C99EB4 /* PBXContainerItemProxy */ = {
			isa = PBXContainerItemProxy;
			containerPortal = 663F80B11B74ACF000C99EB4 /* Project object */;
			proxyType = 1;
			remoteGlobalIDString = 663F80EA1B74B46C00C99EB4;
			remoteInfo = "Watch2Romo WatchKit Extension";
		};
/* End PBXContainerItemProxy section */

/* Begin PBXCopyFilesBuildPhase section */
		663F810F1B74B46C00C99EB4 /* Embed App Extensions */ = {
			isa = PBXCopyFilesBuildPhase;
			buildActionMask = 2147483647;
			dstPath = "";
			dstSubfolderSpec = 13;
			files = (
				663F81081B74B46C00C99EB4 /* Watch2Romo WatchKit Extension.appex in Embed App Extensions */,
			);
			name = "Embed App Extensions";
			runOnlyForDeploymentPostprocessing = 0;
		};
/* End PBXCopyFilesBuildPhase section */

/* Begin PBXFileReference section */
		663F80B91B74ACF000C99EB4 /* Watch2Romo.app */ = {isa = PBXFileReference; explicitFileType = wrapper.application; includeInIndex = 0; path = Watch2Romo.app; sourceTree = BUILT_PRODUCTS_DIR; };
		663F80BD1B74ACF000C99EB4 /* Info.plist */ = {isa = PBXFileReference; lastKnownFileType = text.plist.xml; path = Info.plist; sourceTree = "<group>"; };
		663F80BE1B74ACF000C99EB4 /* main.m */ = {isa = PBXFileReference; lastKnownFileType = sourcecode.c.objc; path = main.m; sourceTree = "<group>"; };
		663F80C01B74ACF000C99EB4 /* AppDelegate.h */ = {isa = PBXFileReference; lastKnownFileType = sourcecode.c.h; path = AppDelegate.h; sourceTree = "<group>"; };
		663F80C11B74ACF000C99EB4 /* AppDelegate.m */ = {isa = PBXFileReference; lastKnownFileType = sourcecode.c.objc; path = AppDelegate.m; sourceTree = "<group>"; };
		663F80C31B74ACF000C99EB4 /* ViewController.h */ = {isa = PBXFileReference; lastKnownFileType = sourcecode.c.h; path = ViewController.h; sourceTree = "<group>"; };
		663F80C41B74ACF000C99EB4 /* ViewController.m */ = {isa = PBXFileReference; lastKnownFileType = sourcecode.c.objc; path = ViewController.m; sourceTree = "<group>"; };
		663F80C71B74ACF000C99EB4 /* Base */ = {isa = PBXFileReference; lastKnownFileType = file.storyboard; name = Base; path = Base.lproj/Main.storyboard; sourceTree = "<group>"; };
		663F80C91B74ACF100C99EB4 /* Images.xcassets */ = {isa = PBXFileReference; lastKnownFileType = folder.assetcatalog; path = Images.xcassets; sourceTree = "<group>"; };
		663F80CC1B74ACF100C99EB4 /* Base */ = {isa = PBXFileReference; lastKnownFileType = file.xib; name = Base; path = Base.lproj/LaunchScreen.xib; sourceTree = "<group>"; };
		663F80D21B74ACF100C99EB4 /* Watch2RomoTests.xctest */ = {isa = PBXFileReference; explicitFileType = wrapper.cfbundle; includeInIndex = 0; path = Watch2RomoTests.xctest; sourceTree = BUILT_PRODUCTS_DIR; };
		663F80D71B74ACF100C99EB4 /* Info.plist */ = {isa = PBXFileReference; lastKnownFileType = text.plist.xml; path = Info.plist; sourceTree = "<group>"; };
		663F80D81B74ACF100C99EB4 /* Watch2RomoTests.m */ = {isa = PBXFileReference; lastKnownFileType = sourcecode.c.objc; path = Watch2RomoTests.m; sourceTree = "<group>"; };
		663F80E31B74AEF400C99EB4 /* RMCore.framework */ = {isa = PBXFileReference; lastKnownFileType = wrapper.framework; path = RMCore.framework; sourceTree = "<group>"; };
		663F80E51B74AF1D00C99EB4 /* ExternalAccessory.framework */ = {isa = PBXFileReference; lastKnownFileType = wrapper.framework; name = ExternalAccessory.framework; path = System/Library/Frameworks/ExternalAccessory.framework; sourceTree = SDKROOT; };
		663F80EB1B74B46C00C99EB4 /* Watch2Romo WatchKit Extension.appex */ = {isa = PBXFileReference; explicitFileType = "wrapper.app-extension"; includeInIndex = 0; path = "Watch2Romo WatchKit Extension.appex"; sourceTree = BUILT_PRODUCTS_DIR; };
		663F80EE1B74B46C00C99EB4 /* Info.plist */ = {isa = PBXFileReference; lastKnownFileType = text.plist.xml; path = Info.plist; sourceTree = "<group>"; };
		663F80EF1B74B46C00C99EB4 /* PushNotificationPayload.apns */ = {isa = PBXFileReference; lastKnownFileType = text; path = PushNotificationPayload.apns; sourceTree = "<group>"; };
		663F80F01B74B46C00C99EB4 /* InterfaceController.h */ = {isa = PBXFileReference; lastKnownFileType = sourcecode.c.h; path = InterfaceController.h; sourceTree = "<group>"; };
		663F80F11B74B46C00C99EB4 /* InterfaceController.m */ = {isa = PBXFileReference; lastKnownFileType = sourcecode.c.objc; path = InterfaceController.m; sourceTree = "<group>"; };
		663F80F31B74B46C00C99EB4 /* NotificationController.h */ = {isa = PBXFileReference; lastKnownFileType = sourcecode.c.h; path = NotificationController.h; sourceTree = "<group>"; };
		663F80F41B74B46C00C99EB4 /* NotificationController.m */ = {isa = PBXFileReference; lastKnownFileType = sourcecode.c.objc; path = NotificationController.m; sourceTree = "<group>"; };
		663F80F61B74B46C00C99EB4 /* Images.xcassets */ = {isa = PBXFileReference; lastKnownFileType = folder.assetcatalog; path = Images.xcassets; sourceTree = "<group>"; };
		663F80FA1B74B46C00C99EB4 /* Watch2Romo WatchKit App.app */ = {isa = PBXFileReference; explicitFileType = wrapper.application; includeInIndex = 0; path = "Watch2Romo WatchKit App.app"; sourceTree = BUILT_PRODUCTS_DIR; };
		663F81001B74B46C00C99EB4 /* Info.plist */ = {isa = PBXFileReference; lastKnownFileType = text.plist.xml; path = Info.plist; sourceTree = "<group>"; };
		663F81021B74B46C00C99EB4 /* Base */ = {isa = PBXFileReference; lastKnownFileType = file.storyboard; name = Base; path = Base.lproj/Interface.storyboard; sourceTree = "<group>"; };
		663F81041B74B46C00C99EB4 /* Images.xcassets */ = {isa = PBXFileReference; lastKnownFileType = folder.assetcatalog; path = Images.xcassets; sourceTree = "<group>"; };
/* End PBXFileReference section */

/* Begin PBXFrameworksBuildPhase section */
		663F80B61B74ACF000C99EB4 /* Frameworks */ = {
			isa = PBXFrameworksBuildPhase;
			buildActionMask = 2147483647;
			files = (
				663F80E61B74AF1D00C99EB4 /* ExternalAccessory.framework in Frameworks */,
				663F80E41B74AEF400C99EB4 /* RMCore.framework in Frameworks */,
			);
			runOnlyForDeploymentPostprocessing = 0;
		};
		663F80CF1B74ACF100C99EB4 /* Frameworks */ = {
			isa = PBXFrameworksBuildPhase;
			buildActionMask = 2147483647;
			files = (
			);
			runOnlyForDeploymentPostprocessing = 0;
		};
		663F80E81B74B46C00C99EB4 /* Frameworks */ = {
			isa = PBXFrameworksBuildPhase;
			buildActionMask = 2147483647;
			files = (
			);
			runOnlyForDeploymentPostprocessing = 0;
		};
/* End PBXFrameworksBuildPhase section */

/* Begin PBXGroup section */
		663F80B01B74ACF000C99EB4 = {
			isa = PBXGroup;
			children = (
				663F80E51B74AF1D00C99EB4 /* ExternalAccessory.framework */,
				663F80E21B74AEF400C99EB4 /* frameworks */,
				663F80BB1B74ACF000C99EB4 /* Watch2Romo */,
				663F80D51B74ACF100C99EB4 /* Watch2RomoTests */,
				663F80EC1B74B46C00C99EB4 /* Watch2Romo WatchKit Extension */,
				663F80FE1B74B46C00C99EB4 /* Watch2Romo WatchKit App */,
				663F80BA1B74ACF000C99EB4 /* Products */,
			);
			sourceTree = "<group>";
		};
		663F80BA1B74ACF000C99EB4 /* Products */ = {
			isa = PBXGroup;
			children = (
				663F80B91B74ACF000C99EB4 /* Watch2Romo.app */,
				663F80D21B74ACF100C99EB4 /* Watch2RomoTests.xctest */,
				663F80EB1B74B46C00C99EB4 /* Watch2Romo WatchKit Extension.appex */,
				663F80FA1B74B46C00C99EB4 /* Watch2Romo WatchKit App.app */,
			);
			name = Products;
			sourceTree = "<group>";
		};
		663F80BB1B74ACF000C99EB4 /* Watch2Romo */ = {
			isa = PBXGroup;
			children = (
				663F80C01B74ACF000C99EB4 /* AppDelegate.h */,
				663F80C11B74ACF000C99EB4 /* AppDelegate.m */,
				663F80C31B74ACF000C99EB4 /* ViewController.h */,
				663F80C41B74ACF000C99EB4 /* ViewController.m */,
				663F80C61B74ACF000C99EB4 /* Main.storyboard */,
				663F80C91B74ACF100C99EB4 /* Images.xcassets */,
				663F80CB1B74ACF100C99EB4 /* LaunchScreen.xib */,
				663F80BC1B74ACF000C99EB4 /* Supporting Files */,
			);
			path = Watch2Romo;
			sourceTree = "<group>";
		};
		663F80BC1B74ACF000C99EB4 /* Supporting Files */ = {
			isa = PBXGroup;
			children = (
				663F80BD1B74ACF000C99EB4 /* Info.plist */,
				663F80BE1B74ACF000C99EB4 /* main.m */,
			);
			name = "Supporting Files";
			sourceTree = "<group>";
		};
		663F80D51B74ACF100C99EB4 /* Watch2RomoTests */ = {
			isa = PBXGroup;
			children = (
				663F80D81B74ACF100C99EB4 /* Watch2RomoTests.m */,
				663F80D61B74ACF100C99EB4 /* Supporting Files */,
			);
			path = Watch2RomoTests;
			sourceTree = "<group>";
		};
		663F80D61B74ACF100C99EB4 /* Supporting Files */ = {
			isa = PBXGroup;
			children = (
				663F80D71B74ACF100C99EB4 /* Info.plist */,
			);
			name = "Supporting Files";
			sourceTree = "<group>";
		};
		663F80E21B74AEF400C99EB4 /* frameworks */ = {
			isa = PBXGroup;
			children = (
				663F80E31B74AEF400C99EB4 /* RMCore.framework */,
			);
			name = frameworks;
			path = Watch2Romo/frameworks;
			sourceTree = "<group>";
		};
		663F80EC1B74B46C00C99EB4 /* Watch2Romo WatchKit Extension */ = {
			isa = PBXGroup;
			children = (
				663F80F01B74B46C00C99EB4 /* InterfaceController.h */,
				663F80F11B74B46C00C99EB4 /* InterfaceController.m */,
				663F80F31B74B46C00C99EB4 /* NotificationController.h */,
				663F80F41B74B46C00C99EB4 /* NotificationController.m */,
				663F80F61B74B46C00C99EB4 /* Images.xcassets */,
				663F80ED1B74B46C00C99EB4 /* Supporting Files */,
			);
			path = "Watch2Romo WatchKit Extension";
			sourceTree = "<group>";
		};
		663F80ED1B74B46C00C99EB4 /* Supporting Files */ = {
			isa = PBXGroup;
			children = (
				663F80EE1B74B46C00C99EB4 /* Info.plist */,
				663F80EF1B74B46C00C99EB4 /* PushNotificationPayload.apns */,
			);
			name = "Supporting Files";
			sourceTree = "<group>";
		};
		663F80FE1B74B46C00C99EB4 /* Watch2Romo WatchKit App */ = {
			isa = PBXGroup;
			children = (
				663F81011B74B46C00C99EB4 /* Interface.storyboard */,
				663F81041B74B46C00C99EB4 /* Images.xcassets */,
				663F80FF1B74B46C00C99EB4 /* Supporting Files */,
			);
			path = "Watch2Romo WatchKit App";
			sourceTree = "<group>";
		};
		663F80FF1B74B46C00C99EB4 /* Supporting Files */ = {
			isa = PBXGroup;
			children = (
				663F81001B74B46C00C99EB4 /* Info.plist */,
			);
			name = "Supporting Files";
			sourceTree = "<group>";
		};
/* End PBXGroup section */

/* Begin PBXNativeTarget section */
		663F80B81B74ACF000C99EB4 /* Watch2Romo */ = {
			isa = PBXNativeTarget;
			buildConfigurationList = 663F80DC1B74ACF100C99EB4 /* Build configuration list for PBXNativeTarget "Watch2Romo" */;
			buildPhases = (
				663F80B51B74ACF000C99EB4 /* Sources */,
				663F80B61B74ACF000C99EB4 /* Frameworks */,
				663F80B71B74ACF000C99EB4 /* Resources */,
				663F810F1B74B46C00C99EB4 /* Embed App Extensions */,
			);
			buildRules = (
			);
			dependencies = (
				663F81071B74B46C00C99EB4 /* PBXTargetDependency */,
			);
			name = Watch2Romo;
			productName = Watch2Romo;
			productReference = 663F80B91B74ACF000C99EB4 /* Watch2Romo.app */;
			productType = "com.apple.product-type.application";
		};
		663F80D11B74ACF100C99EB4 /* Watch2RomoTests */ = {
			isa = PBXNativeTarget;
			buildConfigurationList = 663F80DF1B74ACF100C99EB4 /* Build configuration list for PBXNativeTarget "Watch2RomoTests" */;
			buildPhases = (
				663F80CE1B74ACF100C99EB4 /* Sources */,
				663F80CF1B74ACF100C99EB4 /* Frameworks */,
				663F80D01B74ACF100C99EB4 /* Resources */,
			);
			buildRules = (
			);
			dependencies = (
				663F80D41B74ACF100C99EB4 /* PBXTargetDependency */,
			);
			name = Watch2RomoTests;
			productName = Watch2RomoTests;
			productReference = 663F80D21B74ACF100C99EB4 /* Watch2RomoTests.xctest */;
			productType = "com.apple.product-type.bundle.unit-test";
		};
		663F80EA1B74B46C00C99EB4 /* Watch2Romo WatchKit Extension */ = {
			isa = PBXNativeTarget;
			buildConfigurationList = 663F810C1B74B46C00C99EB4 /* Build configuration list for PBXNativeTarget "Watch2Romo WatchKit Extension" */;
			buildPhases = (
				663F80E71B74B46C00C99EB4 /* Sources */,
				663F80E81B74B46C00C99EB4 /* Frameworks */,
				663F80E91B74B46C00C99EB4 /* Resources */,
			);
			buildRules = (
			);
			dependencies = (
				663F80FD1B74B46C00C99EB4 /* PBXTargetDependency */,
			);
			name = "Watch2Romo WatchKit Extension";
			productName = "Watch2Romo WatchKit Extension";
			productReference = 663F80EB1B74B46C00C99EB4 /* Watch2Romo WatchKit Extension.appex */;
			productType = "com.apple.product-type.watchkit-extension";
		};
		663F80F91B74B46C00C99EB4 /* Watch2Romo WatchKit App */ = {
			isa = PBXNativeTarget;
			buildConfigurationList = 663F81091B74B46C00C99EB4 /* Build configuration list for PBXNativeTarget "Watch2Romo WatchKit App" */;
			buildPhases = (
				663F80F81B74B46C00C99EB4 /* Resources */,
			);
			buildRules = (
			);
			dependencies = (
			);
			name = "Watch2Romo WatchKit App";
			productName = "Watch2Romo WatchKit App";
			productReference = 663F80FA1B74B46C00C99EB4 /* Watch2Romo WatchKit App.app */;
			productType = "com.apple.product-type.application.watchapp";
		};
/* End PBXNativeTarget section */

/* Begin PBXProject section */
		663F80B11B74ACF000C99EB4 /* Project object */ = {
			isa = PBXProject;
			attributes = {
				LastUpgradeCheck = 0640;
				ORGANIZATIONNAME = Tsukurusha;
				TargetAttributes = {
					663F80B81B74ACF000C99EB4 = {
						CreatedOnToolsVersion = 6.4;
					};
					663F80D11B74ACF100C99EB4 = {
						CreatedOnToolsVersion = 6.4;
						TestTargetID = 663F80B81B74ACF000C99EB4;
					};
					663F80EA1B74B46C00C99EB4 = {
						CreatedOnToolsVersion = 6.4;
					};
					663F80F91B74B46C00C99EB4 = {
						CreatedOnToolsVersion = 6.4;
					};
				};
			};
			buildConfigurationList = 663F80B41B74ACF000C99EB4 /* Build configuration list for PBXProject "Watch2Romo" */;
			compatibilityVersion = "Xcode 3.2";
			developmentRegion = English;
			hasScannedForEncodings = 0;
			knownRegions = (
				en,
				Base,
			);
			mainGroup = 663F80B01B74ACF000C99EB4;
			productRefGroup = 663F80BA1B74ACF000C99EB4 /* Products */;
			projectDirPath = "";
			projectRoot = "";
			targets = (
				663F80B81B74ACF000C99EB4 /* Watch2Romo */,
				663F80D11B74ACF100C99EB4 /* Watch2RomoTests */,
				663F80EA1B74B46C00C99EB4 /* Watch2Romo WatchKit Extension */,
				663F80F91B74B46C00C99EB4 /* Watch2Romo WatchKit App */,
			);
		};
/* End PBXProject section */

/* Begin PBXResourcesBuildPhase section */
		663F80B71B74ACF000C99EB4 /* Resources */ = {
			isa = PBXResourcesBuildPhase;
			buildActionMask = 2147483647;
			files = (
				663F80C81B74ACF000C99EB4 /* Main.storyboard in Resources */,
				663F80CD1B74ACF100C99EB4 /* LaunchScreen.xib in Resources */,
				663F80CA1B74ACF100C99EB4 /* Images.xcassets in Resources */,
			);
			runOnlyForDeploymentPostprocessing = 0;
		};
		663F80D01B74ACF100C99EB4 /* Resources */ = {
			isa = PBXResourcesBuildPhase;
			buildActionMask = 2147483647;
			files = (
			);
			runOnlyForDeploymentPostprocessing = 0;
		};
		663F80E91B74B46C00C99EB4 /* Resources */ = {
			isa = PBXResourcesBuildPhase;
			buildActionMask = 2147483647;
			files = (
				663F80FB1B74B46C00C99EB4 /* Watch2Romo WatchKit App.app in Resources */,
				663F80F71B74B46C00C99EB4 /* Images.xcassets in Resources */,
			);
			runOnlyForDeploymentPostprocessing = 0;
		};
		663F80F81B74B46C00C99EB4 /* Resources */ = {
			isa = PBXResourcesBuildPhase;
			buildActionMask = 2147483647;
			files = (
				663F81031B74B46C00C99EB4 /* Interface.storyboard in Resources */,
				663F81051B74B46C00C99EB4 /* Images.xcassets in Resources */,
			);
			runOnlyForDeploymentPostprocessing = 0;
		};
/* End PBXResourcesBuildPhase section */

/* Begin PBXSourcesBuildPhase section */
		663F80B51B74ACF000C99EB4 /* Sources */ = {
			isa = PBXSourcesBuildPhase;
			buildActionMask = 2147483647;
			files = (
				663F80C51B74ACF000C99EB4 /* ViewController.m in Sources */,
				663F80C21B74ACF000C99EB4 /* AppDelegate.m in Sources */,
				663F80BF1B74ACF000C99EB4 /* main.m in Sources */,
			);
			runOnlyForDeploymentPostprocessing = 0;
		};
		663F80CE1B74ACF100C99EB4 /* Sources */ = {
			isa = PBXSourcesBuildPhase;
			buildActionMask = 2147483647;
			files = (
				663F80D91B74ACF100C99EB4 /* Watch2RomoTests.m in Sources */,
			);
			runOnlyForDeploymentPostprocessing = 0;
		};
		663F80E71B74B46C00C99EB4 /* Sources */ = {
			isa = PBXSourcesBuildPhase;
			buildActionMask = 2147483647;
			files = (
				663F80F51B74B46C00C99EB4 /* NotificationController.m in Sources */,
				663F80F21B74B46C00C99EB4 /* InterfaceController.m in Sources */,
			);
			runOnlyForDeploymentPostprocessing = 0;
		};
/* End PBXSourcesBuildPhase section */

/* Begin PBXTargetDependency section */
		663F80D41B74ACF100C99EB4 /* PBXTargetDependency */ = {
			isa = PBXTargetDependency;
			target = 663F80B81B74ACF000C99EB4 /* Watch2Romo */;
			targetProxy = 663F80D31B74ACF100C99EB4 /* PBXContainerItemProxy */;
		};
		663F80FD1B74B46C00C99EB4 /* PBXTargetDependency */ = {
			isa = PBXTargetDependency;
			target = 663F80F91B74B46C00C99EB4 /* Watch2Romo WatchKit App */;
			targetProxy = 663F80FC1B74B46C00C99EB4 /* PBXContainerItemProxy */;
		};
		663F81071B74B46C00C99EB4 /* PBXTargetDependency */ = {
			isa = PBXTargetDependency;
			target = 663F80EA1B74B46C00C99EB4 /* Watch2Romo WatchKit Extension */;
			targetProxy = 663F81061B74B46C00C99EB4 /* PBXContainerItemProxy */;
		};
/* End PBXTargetDependency section */

/* Begin PBXVariantGroup section */
		663F80C61B74ACF000C99EB4 /* Main.storyboard */ = {
			isa = PBXVariantGroup;
			children = (
				663F80C71B74ACF000C99EB4 /* Base */,
			);
			name = Main.storyboard;
			sourceTree = "<group>";
		};
		663F80CB1B74ACF100C99EB4 /* LaunchScreen.xib */ = {
			isa = PBXVariantGroup;
			children = (
				663F80CC1B74ACF100C99EB4 /* Base */,
			);
			name = LaunchScreen.xib;
			sourceTree = "<group>";
		};
		663F81011B74B46C00C99EB4 /* Interface.storyboard */ = {
			isa = PBXVariantGroup;
			children = (
				663F81021B74B46C00C99EB4 /* Base */,
			);
			name = Interface.storyboard;
			sourceTree = "<group>";
		};
/* End PBXVariantGroup section */

/* Begin XCBuildConfiguration section */
		663F80DA1B74ACF100C99EB4 /* Debug */ = {
			isa = XCBuildConfiguration;
			buildSettings = {
				ALWAYS_SEARCH_USER_PATHS = NO;
				CLANG_CXX_LANGUAGE_STANDARD = "gnu++0x";
				CLANG_CXX_LIBRARY = "libc++";
				CLANG_ENABLE_MODULES = YES;
				CLANG_ENABLE_OBJC_ARC = YES;
				CLANG_WARN_BOOL_CONVERSION = YES;
				CLANG_WARN_CONSTANT_CONVERSION = YES;
				CLANG_WARN_DIRECT_OBJC_ISA_USAGE = YES_ERROR;
				CLANG_WARN_EMPTY_BODY = YES;
				CLANG_WARN_ENUM_CONVERSION = YES;
				CLANG_WARN_INT_CONVERSION = YES;
				CLANG_WARN_OBJC_ROOT_CLASS = YES_ERROR;
				CLANG_WARN_UNREACHABLE_CODE = YES;
				CLANG_WARN__DUPLICATE_METHOD_MATCH = YES;
				"CODE_SIGN_IDENTITY[sdk=iphoneos*]" = "iPhone Developer";
				COPY_PHASE_STRIP = NO;
				DEBUG_INFORMATION_FORMAT = "dwarf-with-dsym";
				ENABLE_STRICT_OBJC_MSGSEND = YES;
				GCC_C_LANGUAGE_STANDARD = gnu99;
				GCC_DYNAMIC_NO_PIC = NO;
				GCC_NO_COMMON_BLOCKS = YES;
				GCC_OPTIMIZATION_LEVEL = 0;
				GCC_PREPROCESSOR_DEFINITIONS = (
					"DEBUG=1",
					"$(inherited)",
				);
				GCC_SYMBOLS_PRIVATE_EXTERN = NO;
				GCC_WARN_64_TO_32_BIT_CONVERSION = YES;
				GCC_WARN_ABOUT_RETURN_TYPE = YES_ERROR;
				GCC_WARN_UNDECLARED_SELECTOR = YES;
				GCC_WARN_UNINITIALIZED_AUTOS = YES_AGGRESSIVE;
				GCC_WARN_UNUSED_FUNCTION = YES;
				GCC_WARN_UNUSED_VARIABLE = YES;
				IPHONEOS_DEPLOYMENT_TARGET = 8.4;
				MTL_ENABLE_DEBUG_INFO = YES;
				ONLY_ACTIVE_ARCH = YES;
				SDKROOT = iphoneos;
			};
			name = Debug;
		};
		663F80DB1B74ACF100C99EB4 /* Release */ = {
			isa = XCBuildConfiguration;
			buildSettings = {
				ALWAYS_SEARCH_USER_PATHS = NO;
				CLANG_CXX_LANGUAGE_STANDARD = "gnu++0x";
				CLANG_CXX_LIBRARY = "libc++";
				CLANG_ENABLE_MODULES = YES;
				CLANG_ENABLE_OBJC_ARC = YES;
				CLANG_WARN_BOOL_CONVERSION = YES;
				CLANG_WARN_CONSTANT_CONVERSION = YES;
				CLANG_WARN_DIRECT_OBJC_ISA_USAGE = YES_ERROR;
				CLANG_WARN_EMPTY_BODY = YES;
				CLANG_WARN_ENUM_CONVERSION = YES;
				CLANG_WARN_INT_CONVERSION = YES;
				CLANG_WARN_OBJC_ROOT_CLASS = YES_ERROR;
				CLANG_WARN_UNREACHABLE_CODE = YES;
				CLANG_WARN__DUPLICATE_METHOD_MATCH = YES;
				"CODE_SIGN_IDENTITY[sdk=iphoneos*]" = "iPhone Developer";
				COPY_PHASE_STRIP = NO;
				DEBUG_INFORMATION_FORMAT = "dwarf-with-dsym";
				ENABLE_NS_ASSERTIONS = NO;
				ENABLE_STRICT_OBJC_MSGSEND = YES;
				GCC_C_LANGUAGE_STANDARD = gnu99;
				GCC_NO_COMMON_BLOCKS = YES;
				GCC_WARN_64_TO_32_BIT_CONVERSION = YES;
				GCC_WARN_ABOUT_RETURN_TYPE = YES_ERROR;
				GCC_WARN_UNDECLARED_SELECTOR = YES;
				GCC_WARN_UNINITIALIZED_AUTOS = YES_AGGRESSIVE;
				GCC_WARN_UNUSED_FUNCTION = YES;
				GCC_WARN_UNUSED_VARIABLE = YES;
				IPHONEOS_DEPLOYMENT_TARGET = 8.4;
				MTL_ENABLE_DEBUG_INFO = NO;
				SDKROOT = iphoneos;
				VALIDATE_PRODUCT = YES;
			};
			name = Release;
		};
		663F80DD1B74ACF100C99EB4 /* Debug */ = {
			isa = XCBuildConfiguration;
			buildSettings = {
				ASSETCATALOG_COMPILER_APPICON_NAME = AppIcon;
				FRAMEWORK_SEARCH_PATHS = (
					"$(inherited)",
					"$(PROJECT_DIR)/Watch2Romo/frameworks",
				);
				INFOPLIST_FILE = Watch2Romo/Info.plist;
				IPHONEOS_DEPLOYMENT_TARGET = 7.0;
				LD_RUNPATH_SEARCH_PATHS = "$(inherited) @executable_path/Frameworks";
				ONLY_ACTIVE_ARCH = NO;
				PRODUCT_NAME = "$(TARGET_NAME)";
				VALID_ARCHS = "armv7 armv7s";
			};
			name = Debug;
		};
		663F80DE1B74ACF100C99EB4 /* Release */ = {
			isa = XCBuildConfiguration;
			buildSettings = {
				ASSETCATALOG_COMPILER_APPICON_NAME = AppIcon;
				FRAMEWORK_SEARCH_PATHS = (
					"$(inherited)",
					"$(PROJECT_DIR)/Watch2Romo/frameworks",
				);
				INFOPLIST_FILE = Watch2Romo/Info.plist;
				IPHONEOS_DEPLOYMENT_TARGET = 7.0;
				LD_RUNPATH_SEARCH_PATHS = "$(inherited) @executable_path/Frameworks";
				PRODUCT_NAME = "$(TARGET_NAME)";
				VALID_ARCHS = "armv7 armv7s";
			};
			name = Release;
		};
		663F80E01B74ACF100C99EB4 /* Debug */ = {
			isa = XCBuildConfiguration;
			buildSettings = {
				BUNDLE_LOADER = "$(TEST_HOST)";
				FRAMEWORK_SEARCH_PATHS = (
					"$(SDKROOT)/Developer/Library/Frameworks",
					"$(inherited)",
				);
				GCC_PREPROCESSOR_DEFINITIONS = (
					"DEBUG=1",
					"$(inherited)",
				);
				INFOPLIST_FILE = Watch2RomoTests/Info.plist;
				LD_RUNPATH_SEARCH_PATHS = "$(inherited) @executable_path/Frameworks @loader_path/Frameworks";
				PRODUCT_NAME = "$(TARGET_NAME)";
				TEST_HOST = "$(BUILT_PRODUCTS_DIR)/Watch2Romo.app/Watch2Romo";
			};
			name = Debug;
		};
		663F80E11B74ACF100C99EB4 /* Release */ = {
			isa = XCBuildConfiguration;
			buildSettings = {
				BUNDLE_LOADER = "$(TEST_HOST)";
				FRAMEWORK_SEARCH_PATHS = (
					"$(SDKROOT)/Developer/Library/Frameworks",
					"$(inherited)",
				);
				INFOPLIST_FILE = Watch2RomoTests/Info.plist;
				LD_RUNPATH_SEARCH_PATHS = "$(inherited) @executable_path/Frameworks @loader_path/Frameworks";
				PRODUCT_NAME = "$(TARGET_NAME)";
				TEST_HOST = "$(BUILT_PRODUCTS_DIR)/Watch2Romo.app/Watch2Romo";
			};
			name = Release;
		};
		663F810A1B74B46C00C99EB4 /* Debug */ = {
			isa = XCBuildConfiguration;
			buildSettings = {
				ASSETCATALOG_COMPILER_APPICON_NAME = AppIcon;
				GCC_PREPROCESSOR_DEFINITIONS = (
					"DEBUG=1",
					"$(inherited)",
				);
				IBSC_MODULE = Watch2Romo_WatchKit_Extension;
				INFOPLIST_FILE = "Watch2Romo WatchKit App/Info.plist";
				IPHONEOS_DEPLOYMENT_TARGET = 8.2;
				PRODUCT_NAME = "$(TARGET_NAME)";
				SKIP_INSTALL = YES;
				TARGETED_DEVICE_FAMILY = 4;
				"TARGETED_DEVICE_FAMILY[sdk=iphonesimulator*]" = "1,4";
			};
			name = Debug;
		};
		663F810B1B74B46C00C99EB4 /* Release */ = {
			isa = XCBuildConfiguration;
			buildSettings = {
				ASSETCATALOG_COMPILER_APPICON_NAME = AppIcon;
				IBSC_MODULE = Watch2Romo_WatchKit_Extension;
				INFOPLIST_FILE = "Watch2Romo WatchKit App/Info.plist";
				IPHONEOS_DEPLOYMENT_TARGET = 8.2;
				PRODUCT_NAME = "$(TARGET_NAME)";
				SKIP_INSTALL = YES;
				TARGETED_DEVICE_FAMILY = 4;
				"TARGETED_DEVICE_FAMILY[sdk=iphonesimulator*]" = "1,4";
			};
			name = Release;
		};
		663F810D1B74B46C00C99EB4 /* Debug */ = {
			isa = XCBuildConfiguration;
			buildSettings = {
				GCC_PREPROCESSOR_DEFINITIONS = (
					"DEBUG=1",
					"$(inherited)",
				);
				INFOPLIST_FILE = "Watch2Romo WatchKit Extension/Info.plist";
				LD_RUNPATH_SEARCH_PATHS = "$(inherited) @executable_path/Frameworks @executable_path/../../Frameworks";
				PRODUCT_NAME = "${TARGET_NAME}";
				SKIP_INSTALL = YES;
			};
			name = Debug;
		};
		663F810E1B74B46C00C99EB4 /* Release */ = {
			isa = XCBuildConfiguration;
			buildSettings = {
				INFOPLIST_FILE = "Watch2Romo WatchKit Extension/Info.plist";
				LD_RUNPATH_SEARCH_PATHS = "$(inherited) @executable_path/Frameworks @executable_path/../../Frameworks";
				PRODUCT_NAME = "${TARGET_NAME}";
				SKIP_INSTALL = YES;
			};
			name = Release;
		};
/* End XCBuildConfiguration section */

/* Begin XCConfigurationList section */
		663F80B41B74ACF000C99EB4 /* Build configuration list for PBXProject "Watch2Romo" */ = {
			isa = XCConfigurationList;
			buildConfigurations = (
				663F80DA1B74ACF100C99EB4 /* Debug */,
				663F80DB1B74ACF100C99EB4 /* Release */,
			);
			defaultConfigurationIsVisible = 0;
			defaultConfigurationName = Release;
		};
		663F80DC1B74ACF100C99EB4 /* Build configuration list for PBXNativeTarget "Watch2Romo" */ = {
			isa = XCConfigurationList;
			buildConfigurations = (
				663F80DD1B74ACF100C99EB4 /* Debug */,
				663F80DE1B74ACF100C99EB4 /* Release */,
			);
			defaultConfigurationIsVisible = 0;
		};
		663F80DF1B74ACF100C99EB4 /* Build configuration list for PBXNativeTarget "Watch2RomoTests" */ = {
			isa = XCConfigurationList;
			buildConfigurations = (
				663F80E01B74ACF100C99EB4 /* Debug */,
				663F80E11B74ACF100C99EB4 /* Release */,
			);
			defaultConfigurationIsVisible = 0;
		};
		663F81091B74B46C00C99EB4 /* Build configuration list for PBXNativeTarget "Watch2Romo WatchKit App" */ = {
			isa = XCConfigurationList;
			buildConfigurations = (
				663F810A1B74B46C00C99EB4 /* Debug */,
				663F810B1B74B46C00C99EB4 /* Release */,
			);
			defaultConfigurationIsVisible = 0;
		};
		663F810C1B74B46C00C99EB4 /* Build configuration list for PBXNativeTarget "Watch2Romo WatchKit Extension" */ = {
			isa = XCConfigurationList;
			buildConfigurations = (
				663F810D1B74B46C00C99EB4 /* Debug */,
				663F810E1B74B46C00C99EB4 /* Release */,
			);
			defaultConfigurationIsVisible = 0;
		};
/* End XCConfigurationList section */
	};
	rootObject = 663F80B11B74ACF000C99EB4 /* Project object */;
}
